<?xml version="1.0" encoding="UTF-8" standalone="yes" ?>
<CodeBlocks_project_file>
	<FileVersion major="1" minor="6" />
	<Project>
		<Option title="Project_C++" />
		<Option pch_mode="2" />
		<Option compiler="gcc" />
		<Build>
			<Target title="Debug">
				<Option output="bin/Debug/Project_C++" prefix_auto="1" extension_auto="1" />
				<Option object_output="obj/Debug/" />
				<Option type="1" />
				<Option compiler="gcc" />
				<Compiler>
					<Add option="-g" />
					<Add directory="./" />
				</Compiler>
			</Target>
			<Target title="Release">
				<Option output="bin/Release/Project_C++" prefix_auto="1" extension_auto="1" />
				<Option object_output="obj/Release/" />
				<Option type="1" />
				<Option compiler="gcc" />
				<Compiler>
					<Add option="-O2" />
					<Add directory="./" />
				</Compiler>
				<Linker>
					<Add option="-s" />
				</Linker>
			</Target>
		</Build>
		<Compiler>
			<Add option="-Wall" />
			<Add option="-fexceptions" />
		</Compiler>
		<Unit filename="Enseignant.cpp" />
		<Unit filename="Enseignant.h" />
		<Unit filename="Etudiant.cpp" />
		<Unit filename="Etudiant.h" />
		<Unit filename="GestionClasses.cpp" />
		<Unit filename="GestionClasses.h" />
		<Unit filename="Groupe.cpp" />
		<Unit filename="Groupe.h" />
		<Unit filename="GroupeModule.cpp" />
		<Unit filename="GroupeModule.h" />
		<Unit filename="Matiere.cpp" />
		<Unit filename="Matiere.h" />
		<Unit filename="Menu.cpp" />
		<Unit filename="Menu.h" />
		<Unit filename="Note.cpp" />
		<Unit filename="Note.h" />
		<Unit filename="Personne.cpp" />
		<Unit filename="Personne.h" />
		<Unit filename="Utilities.cpp" />
		<Unit filename="Utilities.h" />
		<Unit filename="main.cpp" />
		<Extensions />
	</Project>
</CodeBlocks_project_file>
